
Microsoft Visual Studio Solution File, Format Version 12.00
# Visual Studio Version 16
VisualStudioVersion = 16.0.31321.278
MinimumVisualStudioVersion = 10.0.40219.1
Project("{2150E333-8FDC-42A3-9474-1A3956D46DE8}") = "Services", "Services", "{ABA7278B-7788-493C-A380-8F343E78A71F}"
EndProject
Project("{2150E333-8FDC-42A3-9474-1A3956D46DE8}") = "Catalog", "Catalog", "{0B280E05-B134-4EFB-864B-BA60F9717474}"
EndProject
Project("{9A19103F-16F7-4668-BE54-9A1E7A4F7556}") = "Catalog.API", "Services\Catalog\Catalog.API\Catalog.API.csproj", "{B8B8488E-587C-48C6-9685-BF1986FB72CD}"
EndProject
Project("{E53339B2-1760-4266-BCC7-CA923CBCF16C}") = "docker-compose", "docker-compose.dcproj", "{37F32901-C431-4E52-BCAD-2E72F260EE0F}"
EndProject
Project("{2150E333-8FDC-42A3-9474-1A3956D46DE8}") = "Basket", "Basket", "{10939033-8703-4F13-97D3-404F6BD97B73}"
EndProject
Project("{9A19103F-16F7-4668-BE54-9A1E7A4F7556}") = "Basket.API", "Services\Basket\Basket.API\Basket.API.csproj", "{CF3657D2-A28D-46C7-A81F-A06ACA56E926}"
EndProject
Project("{2150E333-8FDC-42A3-9474-1A3956D46DE8}") = "Discount", "Discount", "{F60E0F6B-B0BD-43C3-AB44-AC2EA51F3BB0}"
EndProject
Project("{9A19103F-16F7-4668-BE54-9A1E7A4F7556}") = "Discount.API", "Services\Discount\Discount.API\Discount.API.csproj", "{F64B8BDD-A1BF-461B-93E5-7AFCB119A7EF}"
EndProject
Project("{9A19103F-16F7-4668-BE54-9A1E7A4F7556}") = "Discount.Grpc", "Services\Discount\Discount.Grpc\Discount.Grpc.csproj", "{89057065-72F9-46FA-AE5E-18B5D7A51994}"
EndProject
Project("{2150E333-8FDC-42A3-9474-1A3956D46DE8}") = "Ordering", "Ordering", "{5C724B6E-A1A5-4089-89F8-C8BDE97EEC01}"
EndProject
Project("{9A19103F-16F7-4668-BE54-9A1E7A4F7556}") = "Ordering.API", "Services\Ordering\Ordering.API\Ordering.API.csproj", "{91BA2231-D4FE-4E05-A155-7CD39F110312}"
EndProject
Project("{9A19103F-16F7-4668-BE54-9A1E7A4F7556}") = "Ordering.Domain", "Services\Ordering\Ordering.Domain\Ordering.Domain.csproj", "{44AE00DF-C400-4091-9CE2-DD3078F1F6E2}"
EndProject
Project("{9A19103F-16F7-4668-BE54-9A1E7A4F7556}") = "Ordering.Application", "Services\Ordering\Ordering.Application\Ordering.Application.csproj", "{0B3CFD40-C93A-4BCE-92A8-A829122DBB46}"
EndProject
Project("{9A19103F-16F7-4668-BE54-9A1E7A4F7556}") = "Ordering.Infrastructure", "Services\Ordering\Ordering.Infrastructure\Ordering.Infrastructure.csproj", "{BAD58188-1349-446F-9C7A-CDC69F64737C}"
EndProject
Project("{2150E333-8FDC-42A3-9474-1A3956D46DE8}") = "BuildingBlocks", "BuildingBlocks", "{F7D25421-9EDB-4B04-941A-D9A4A3CB4AA2}"
EndProject
Project("{9A19103F-16F7-4668-BE54-9A1E7A4F7556}") = "EventBus.Messages", "BuildingBlocks\EventBus.Messages\EventBus.Messages.csproj", "{210D2A3F-D660-4C27-B206-DB4BB3C9376A}"
EndProject
Project("{2150E333-8FDC-42A3-9474-1A3956D46DE8}") = "ApiGateways", "ApiGateways", "{8E68584B-753E-4351-93B1-B044FEBC5220}"
EndProject
Project("{9A19103F-16F7-4668-BE54-9A1E7A4F7556}") = "OcelotApiGW", "ApiGateways\OcelotApiGW\OcelotApiGW.csproj", "{9302A8E1-08E2-4E17-830B-AC35A71585BA}"
EndProject
Project("{9A19103F-16F7-4668-BE54-9A1E7A4F7556}") = "Shopping.Aggregator", "ApiGateways\Shopping.Aggregator\Shopping.Aggregator.csproj", "{A4E024CA-8E6C-46C9-96F2-FA3453026242}"
EndProject
Project("{2150E333-8FDC-42A3-9474-1A3956D46DE8}") = "Identity", "Identity", "{3F64A46E-DF7B-4E06-A787-9BB3043C9888}"
EndProject
Project("{FAE04EC0-301F-11D3-BF4B-00C04F79EFBC}") = "Identity.API", "Services\Identity\Identity.API\Identity.API.csproj", "{D4BF1412-DC94-4633-A3CB-6E9B161DCDB3}"
EndProject
Global
	GlobalSection(SolutionConfigurationPlatforms) = preSolution
		Debug|Any CPU = Debug|Any CPU
		Release|Any CPU = Release|Any CPU
	EndGlobalSection
	GlobalSection(ProjectConfigurationPlatforms) = postSolution
		{B8B8488E-587C-48C6-9685-BF1986FB72CD}.Debug|Any CPU.ActiveCfg = Debug|Any CPU
		{B8B8488E-587C-48C6-9685-BF1986FB72CD}.Debug|Any CPU.Build.0 = Debug|Any CPU
		{B8B8488E-587C-48C6-9685-BF1986FB72CD}.Release|Any CPU.ActiveCfg = Release|Any CPU
		{B8B8488E-587C-48C6-9685-BF1986FB72CD}.Release|Any CPU.Build.0 = Release|Any CPU
		{37F32901-C431-4E52-BCAD-2E72F260EE0F}.Debug|Any CPU.ActiveCfg = Debug|Any CPU
		{37F32901-C431-4E52-BCAD-2E72F260EE0F}.Debug|Any CPU.Build.0 = Debug|Any CPU
		{37F32901-C431-4E52-BCAD-2E72F260EE0F}.Release|Any CPU.ActiveCfg = Release|Any CPU
		{37F32901-C431-4E52-BCAD-2E72F260EE0F}.Release|Any CPU.Build.0 = Release|Any CPU
		{CF3657D2-A28D-46C7-A81F-A06ACA56E926}.Debug|Any CPU.ActiveCfg = Debug|Any CPU
		{CF3657D2-A28D-46C7-A81F-A06ACA56E926}.Debug|Any CPU.Build.0 = Debug|Any CPU
		{CF3657D2-A28D-46C7-A81F-A06ACA56E926}.Release|Any CPU.ActiveCfg = Release|Any CPU
		{CF3657D2-A28D-46C7-A81F-A06ACA56E926}.Release|Any CPU.Build.0 = Release|Any CPU
		{F64B8BDD-A1BF-461B-93E5-7AFCB119A7EF}.Debug|Any CPU.ActiveCfg = Debug|Any CPU
		{F64B8BDD-A1BF-461B-93E5-7AFCB119A7EF}.Debug|Any CPU.Build.0 = Debug|Any CPU
		{F64B8BDD-A1BF-461B-93E5-7AFCB119A7EF}.Release|Any CPU.ActiveCfg = Release|Any CPU
		{F64B8BDD-A1BF-461B-93E5-7AFCB119A7EF}.Release|Any CPU.Build.0 = Release|Any CPU
		{89057065-72F9-46FA-AE5E-18B5D7A51994}.Debug|Any CPU.ActiveCfg = Debug|Any CPU
		{89057065-72F9-46FA-AE5E-18B5D7A51994}.Debug|Any CPU.Build.0 = Debug|Any CPU
		{89057065-72F9-46FA-AE5E-18B5D7A51994}.Release|Any CPU.ActiveCfg = Release|Any CPU
		{89057065-72F9-46FA-AE5E-18B5D7A51994}.Release|Any CPU.Build.0 = Release|Any CPU
		{91BA2231-D4FE-4E05-A155-7CD39F110312}.Debug|Any CPU.ActiveCfg = Debug|Any CPU
		{91BA2231-D4FE-4E05-A155-7CD39F110312}.Debug|Any CPU.Build.0 = Debug|Any CPU
		{91BA2231-D4FE-4E05-A155-7CD39F110312}.Release|Any CPU.ActiveCfg = Release|Any CPU
		{91BA2231-D4FE-4E05-A155-7CD39F110312}.Release|Any CPU.Build.0 = Release|Any CPU
		{44AE00DF-C400-4091-9CE2-DD3078F1F6E2}.Debug|Any CPU.ActiveCfg = Debug|Any CPU
		{44AE00DF-C400-4091-9CE2-DD3078F1F6E2}.Debug|Any CPU.Build.0 = Debug|Any CPU
		{44AE00DF-C400-4091-9CE2-DD3078F1F6E2}.Release|Any CPU.ActiveCfg = Release|Any CPU
		{44AE00DF-C400-4091-9CE2-DD3078F1F6E2}.Release|Any CPU.Build.0 = Release|Any CPU
		{0B3CFD40-C93A-4BCE-92A8-A829122DBB46}.Debug|Any CPU.ActiveCfg = Debug|Any CPU
		{0B3CFD40-C93A-4BCE-92A8-A829122DBB46}.Debug|Any CPU.Build.0 = Debug|Any CPU
		{0B3CFD40-C93A-4BCE-92A8-A829122DBB46}.Release|Any CPU.ActiveCfg = Release|Any CPU
		{0B3CFD40-C93A-4BCE-92A8-A829122DBB46}.Release|Any CPU.Build.0 = Release|Any CPU
		{BAD58188-1349-446F-9C7A-CDC69F64737C}.Debug|Any CPU.ActiveCfg = Debug|Any CPU
		{BAD58188-1349-446F-9C7A-CDC69F64737C}.Debug|Any CPU.Build.0 = Debug|Any CPU
		{BAD58188-1349-446F-9C7A-CDC69F64737C}.Release|Any CPU.ActiveCfg = Release|Any CPU
		{BAD58188-1349-446F-9C7A-CDC69F64737C}.Release|Any CPU.Build.0 = Release|Any CPU
		{210D2A3F-D660-4C27-B206-DB4BB3C9376A}.Debug|Any CPU.ActiveCfg = Debug|Any CPU
		{210D2A3F-D660-4C27-B206-DB4BB3C9376A}.Debug|Any CPU.Build.0 = Debug|Any CPU
		{210D2A3F-D660-4C27-B206-DB4BB3C9376A}.Release|Any CPU.ActiveCfg = Release|Any CPU
		{210D2A3F-D660-4C27-B206-DB4BB3C9376A}.Release|Any CPU.Build.0 = Release|Any CPU
		{9302A8E1-08E2-4E17-830B-AC35A71585BA}.Debug|Any CPU.ActiveCfg = Debug|Any CPU
		{9302A8E1-08E2-4E17-830B-AC35A71585BA}.Debug|Any CPU.Build.0 = Debug|Any CPU
		{9302A8E1-08E2-4E17-830B-AC35A71585BA}.Release|Any CPU.ActiveCfg = Release|Any CPU
		{9302A8E1-08E2-4E17-830B-AC35A71585BA}.Release|Any CPU.Build.0 = Release|Any CPU
		{A4E024CA-8E6C-46C9-96F2-FA3453026242}.Debug|Any CPU.ActiveCfg = Debug|Any CPU
		{A4E024CA-8E6C-46C9-96F2-FA3453026242}.Debug|Any CPU.Build.0 = Debug|Any CPU
		{A4E024CA-8E6C-46C9-96F2-FA3453026242}.Release|Any CPU.ActiveCfg = Release|Any CPU
		{A4E024CA-8E6C-46C9-96F2-FA3453026242}.Release|Any CPU.Build.0 = Release|Any CPU
		{D4BF1412-DC94-4633-A3CB-6E9B161DCDB3}.Debug|Any CPU.ActiveCfg = Debug|Any CPU
		{D4BF1412-DC94-4633-A3CB-6E9B161DCDB3}.Debug|Any CPU.Build.0 = Debug|Any CPU
		{D4BF1412-DC94-4633-A3CB-6E9B161DCDB3}.Release|Any CPU.ActiveCfg = Release|Any CPU
		{D4BF1412-DC94-4633-A3CB-6E9B161DCDB3}.Release|Any CPU.Build.0 = Release|Any CPU
	EndGlobalSection
	GlobalSection(SolutionProperties) = preSolution
		HideSolutionNode = FALSE
	EndGlobalSection
	GlobalSection(NestedProjects) = preSolution
		{0B280E05-B134-4EFB-864B-BA60F9717474} = {ABA7278B-7788-493C-A380-8F343E78A71F}
		{B8B8488E-587C-48C6-9685-BF1986FB72CD} = {0B280E05-B134-4EFB-864B-BA60F9717474}
		{10939033-8703-4F13-97D3-404F6BD97B73} = {ABA7278B-7788-493C-A380-8F343E78A71F}
		{CF3657D2-A28D-46C7-A81F-A06ACA56E926} = {10939033-8703-4F13-97D3-404F6BD97B73}
		{F60E0F6B-B0BD-43C3-AB44-AC2EA51F3BB0} = {ABA7278B-7788-493C-A380-8F343E78A71F}
		{F64B8BDD-A1BF-461B-93E5-7AFCB119A7EF} = {F60E0F6B-B0BD-43C3-AB44-AC2EA51F3BB0}
		{89057065-72F9-46FA-AE5E-18B5D7A51994} = {F60E0F6B-B0BD-43C3-AB44-AC2EA51F3BB0}
		{5C724B6E-A1A5-4089-89F8-C8BDE97EEC01} = {ABA7278B-7788-493C-A380-8F343E78A71F}
		{91BA2231-D4FE-4E05-A155-7CD39F110312} = {5C724B6E-A1A5-4089-89F8-C8BDE97EEC01}
		{44AE00DF-C400-4091-9CE2-DD3078F1F6E2} = {5C724B6E-A1A5-4089-89F8-C8BDE97EEC01}
		{0B3CFD40-C93A-4BCE-92A8-A829122DBB46} = {5C724B6E-A1A5-4089-89F8-C8BDE97EEC01}
		{BAD58188-1349-446F-9C7A-CDC69F64737C} = {5C724B6E-A1A5-4089-89F8-C8BDE97EEC01}
		{210D2A3F-D660-4C27-B206-DB4BB3C9376A} = {F7D25421-9EDB-4B04-941A-D9A4A3CB4AA2}
		{9302A8E1-08E2-4E17-830B-AC35A71585BA} = {8E68584B-753E-4351-93B1-B044FEBC5220}
		{A4E024CA-8E6C-46C9-96F2-FA3453026242} = {8E68584B-753E-4351-93B1-B044FEBC5220}
		{3F64A46E-DF7B-4E06-A787-9BB3043C9888} = {ABA7278B-7788-493C-A380-8F343E78A71F}
		{D4BF1412-DC94-4633-A3CB-6E9B161DCDB3} = {3F64A46E-DF7B-4E06-A787-9BB3043C9888}
	EndGlobalSection
	GlobalSection(ExtensibilityGlobals) = postSolution
		SolutionGuid = {F4861702-FD86-4B6E-ABCC-DD4BD4496AF6}
	EndGlobalSection
EndGlobal
